
Microsoft Visual Studio Solution File, Format Version 12.00
# Visual Studio Version 16
VisualStudioVersion = 16.0.30804.86
MinimumVisualStudioVersion = 10.0.40219.1
Project("{888888A0-9F3D-457C-B088-3A5042F75D52}") = "ColorAnalysis", "ColorAnalysis.pyproj", "{CA7F7438-3172-45B7-A6D9-2C826C2C666E}"
EndProject
Global
	GlobalSection(SolutionConfigurationPlatforms) = preSolution
		Debug|Any CPU = Debug|Any CPU
		Release|Any CPU = Release|Any CPU
	EndGlobalSection
	GlobalSection(ProjectConfigurationPlatforms) = postSolution
		{CA7F7438-3172-45B7-A6D9-2C826C2C666E}.Debug|Any CPU.ActiveCfg = Debug|Any CPU
		{CA7F7438-3172-45B7-A6D9-2C826C2C666E}.Release|Any CPU.ActiveCfg = Release|Any CPU
	EndGlobalSection
	GlobalSection(SolutionProperties) = preSolution
		HideSolutionNode = FALSE
	EndGlobalSection
	GlobalSection(ExtensibilityGlobals) = postSolution
		SolutionGuid = {BE81AD42-A1AF-436C-8CEB-940BA34AE00A}
	EndGlobalSection
EndGlobal
